// !$*UTF8*$!
{
	archiveVersion = 1;
	classes = {
	};
	objectVersion = 50;
	objects = {

/* Begin PBXBuildFile section */
		0E0830552464263F00E9546D /* SimpleTask.swift in Sources */ = {isa = PBXBuildFile; fileRef = 0E0830542464263F00E9546D /* SimpleTask.swift */; };
		0E08305824643AB200E9546D /* CheckListTask.swift in Sources */ = {isa = PBXBuildFile; fileRef = 0E08305724643AB200E9546D /* CheckListTask.swift */; };
		0E083063246447AE00E9546D /* DailyStatus.swift in Sources */ = {isa = PBXBuildFile; fileRef = 0E083062246447AE00E9546D /* DailyStatus.swift */; };
		F9076C94246997E200F79EC9 /* LogButtonInList.swift in Sources */ = {isa = PBXBuildFile; fileRef = F9076C93246997E200F79EC9 /* LogButtonInList.swift */; };
		F9076C96246997FD00F79EC9 /* ChecklistTaskInView.swift in Sources */ = {isa = PBXBuildFile; fileRef = F9076C95246997FD00F79EC9 /* ChecklistTaskInView.swift */; };
		F9076C9B2469C47200F79EC9 /* GridTask.swift in Sources */ = {isa = PBXBuildFile; fileRef = F9076C9A2469C47200F79EC9 /* GridTask.swift */; };
		F9076C9E2469C4A800F79EC9 /* GridTaskInList.swift in Sources */ = {isa = PBXBuildFile; fileRef = F9076C9D2469C4A800F79EC9 /* GridTaskInList.swift */; };
		F91D33CE245DED1C0022EFCD /* ButtonLog.swift in Sources */ = {isa = PBXBuildFile; fileRef = F91D33CD245DED1C0022EFCD /* ButtonLog.swift */; };
		F91D33F82462EF800022EFCD /* Instructions.swift in Sources */ = {isa = PBXBuildFile; fileRef = F91D33F72462EF800022EFCD /* Instructions.swift */; };
		F91D33FE246323520022EFCD /* LogDetailsView.swift in Sources */ = {isa = PBXBuildFile; fileRef = F91D33FD246323520022EFCD /* LogDetailsView.swift */; };
		F91D340424640CB60022EFCD /* Style.swift in Sources */ = {isa = PBXBuildFile; fileRef = F91D340324640CB60022EFCD /* Style.swift */; };
		F94FBEF9246591B0007F3B0E /* SimpleTaskInList.swift in Sources */ = {isa = PBXBuildFile; fileRef = F94FBEF8246591B0007F3B0E /* SimpleTaskInList.swift */; };
		F94FBEFB24659788007F3B0E /* InstructionsInList.swift in Sources */ = {isa = PBXBuildFile; fileRef = F94FBEFA24659788007F3B0E /* InstructionsInList.swift */; };
		F95EB1D3245DCB33003AED5A /* CareKitUIWatchExtension.swift in Sources */ = {isa = PBXBuildFile; fileRef = F95EB1D2245DCB33003AED5A /* CareKitUIWatchExtension.swift */; };
/* End PBXBuildFile section */

/* Begin PBXContainerItemProxy section */
		0E9B3B35246464AA0056C8EF /* PBXContainerItemProxy */ = {
			isa = PBXContainerItemProxy;
			containerPortal = 0E9B3B2F246464A90056C8EF /* ExampleApp.xcodeproj */;
			proxyType = 2;
			remoteGlobalIDString = 0E9B3AFE246464A50056C8EF;
			remoteInfo = ExampleApp;
		};
		0E9B3B37246464AA0056C8EF /* PBXContainerItemProxy */ = {
			isa = PBXContainerItemProxy;
			containerPortal = 0E9B3B2F246464A90056C8EF /* ExampleApp.xcodeproj */;
			proxyType = 2;
			remoteGlobalIDString = 0E9B3B02246464A50056C8EF;
			remoteInfo = "ExampleApp WatchKit App";
		};
		0E9B3B39246464AA0056C8EF /* PBXContainerItemProxy */ = {
			isa = PBXContainerItemProxy;
			containerPortal = 0E9B3B2F246464A90056C8EF /* ExampleApp.xcodeproj */;
			proxyType = 2;
			remoteGlobalIDString = 0E9B3B11246464A70056C8EF;
			remoteInfo = "ExampleApp WatchKit Extension";
		};
/* End PBXContainerItemProxy section */

/* Begin PBXCopyFilesBuildPhase section */
		F95EB1CD245DCB33003AED5A /* CopyFiles */ = {
			isa = PBXCopyFilesBuildPhase;
			buildActionMask = 2147483647;
			dstPath = "include/$(PRODUCT_NAME)";
			dstSubfolderSpec = 16;
			files = (
			);
			runOnlyForDeploymentPostprocessing = 0;
		};
/* End PBXCopyFilesBuildPhase section */

/* Begin PBXFileReference section */
		0E0830542464263F00E9546D /* SimpleTask.swift */ = {isa = PBXFileReference; lastKnownFileType = sourcecode.swift; path = SimpleTask.swift; sourceTree = "<group>"; };
		0E08305724643AB200E9546D /* CheckListTask.swift */ = {isa = PBXFileReference; lastKnownFileType = sourcecode.swift; path = CheckListTask.swift; sourceTree = "<group>"; };
		0E08305D24643FF600E9546D /* README.md */ = {isa = PBXFileReference; lastKnownFileType = net.daringfireball.markdown; path = README.md; sourceTree = "<group>"; };
		0E083062246447AE00E9546D /* DailyStatus.swift */ = {isa = PBXFileReference; lastKnownFileType = sourcecode.swift; path = DailyStatus.swift; sourceTree = "<group>"; };
		0E9B3B2F246464A90056C8EF /* ExampleApp.xcodeproj */ = {isa = PBXFileReference; lastKnownFileType = "wrapper.pb-project"; name = ExampleApp.xcodeproj; path = ExampleApp/ExampleApp.xcodeproj; sourceTree = "<group>"; };
		F9076C93246997E200F79EC9 /* LogButtonInList.swift */ = {isa = PBXFileReference; lastKnownFileType = sourcecode.swift; path = LogButtonInList.swift; sourceTree = "<group>"; };
		F9076C95246997FD00F79EC9 /* ChecklistTaskInView.swift */ = {isa = PBXFileReference; lastKnownFileType = sourcecode.swift; path = ChecklistTaskInView.swift; sourceTree = "<group>"; };
		F9076C9A2469C47200F79EC9 /* GridTask.swift */ = {isa = PBXFileReference; lastKnownFileType = sourcecode.swift; path = GridTask.swift; sourceTree = "<group>"; };
		F9076C9D2469C4A800F79EC9 /* GridTaskInList.swift */ = {isa = PBXFileReference; lastKnownFileType = sourcecode.swift; path = GridTaskInList.swift; sourceTree = "<group>"; };
		F91D33CD245DED1C0022EFCD /* ButtonLog.swift */ = {isa = PBXFileReference; lastKnownFileType = sourcecode.swift; path = ButtonLog.swift; sourceTree = "<group>"; };
		F91D33F72462EF800022EFCD /* Instructions.swift */ = {isa = PBXFileReference; lastKnownFileType = sourcecode.swift; path = Instructions.swift; sourceTree = "<group>"; };
		F91D33FD246323520022EFCD /* LogDetailsView.swift */ = {isa = PBXFileReference; lastKnownFileType = sourcecode.swift; path = LogDetailsView.swift; sourceTree = "<group>"; };
		F91D340324640CB60022EFCD /* Style.swift */ = {isa = PBXFileReference; lastKnownFileType = sourcecode.swift; path = Style.swift; sourceTree = "<group>"; };
		F94FBEF8246591B0007F3B0E /* SimpleTaskInList.swift */ = {isa = PBXFileReference; lastKnownFileType = sourcecode.swift; path = SimpleTaskInList.swift; sourceTree = "<group>"; };
		F94FBEFA24659788007F3B0E /* InstructionsInList.swift */ = {isa = PBXFileReference; lastKnownFileType = sourcecode.swift; path = InstructionsInList.swift; sourceTree = "<group>"; };
		F95EB1CF245DCB33003AED5A /* libCareKitUIWatchExtension.a */ = {isa = PBXFileReference; explicitFileType = archive.ar; includeInIndex = 0; path = libCareKitUIWatchExtension.a; sourceTree = BUILT_PRODUCTS_DIR; };
		F95EB1D2245DCB33003AED5A /* CareKitUIWatchExtension.swift */ = {isa = PBXFileReference; lastKnownFileType = sourcecode.swift; path = CareKitUIWatchExtension.swift; sourceTree = "<group>"; };
/* End PBXFileReference section */

/* Begin PBXFrameworksBuildPhase section */
		F95EB1CC245DCB33003AED5A /* Frameworks */ = {
			isa = PBXFrameworksBuildPhase;
			buildActionMask = 2147483647;
			files = (
			);
			runOnlyForDeploymentPostprocessing = 0;
		};
/* End PBXFrameworksBuildPhase section */

/* Begin PBXGroup section */
		0E0830532464263000E9546D /* SimpleTask */ = {
			isa = PBXGroup;
			children = (
				0E0830542464263F00E9546D /* SimpleTask.swift */,
				F94FBEF8246591B0007F3B0E /* SimpleTaskInList.swift */,
			);
			path = SimpleTask;
			sourceTree = "<group>";
		};
		0E08305624643AA000E9546D /* CheckListTask */ = {
			isa = PBXGroup;
			children = (
				0E08305724643AB200E9546D /* CheckListTask.swift */,
				F9076C95246997FD00F79EC9 /* ChecklistTaskInView.swift */,
			);
			path = CheckListTask;
			sourceTree = "<group>";
		};
		0E9B3AF6246464850056C8EF /* Example */ = {
			isa = PBXGroup;
			children = (
				0E9B3B2F246464A90056C8EF /* ExampleApp.xcodeproj */,
			);
			path = Example;
			sourceTree = "<group>";
		};
		0E9B3B30246464A90056C8EF /* Products */ = {
			isa = PBXGroup;
			children = (
				0E9B3B36246464AA0056C8EF /* ExampleApp.app */,
				0E9B3B38246464AA0056C8EF /* ExampleApp WatchKit App.app */,
				0E9B3B3A246464AA0056C8EF /* ExampleApp WatchKit Extension.appex */,
			);
			name = Products;
			sourceTree = "<group>";
		};
		F9076C9C2469C47900F79EC9 /* GridTask */ = {
			isa = PBXGroup;
			children = (
				F9076C9A2469C47200F79EC9 /* GridTask.swift */,
				F9076C9D2469C4A800F79EC9 /* GridTaskInList.swift */,
			);
			path = GridTask;
			sourceTree = "<group>";
		};
		F91D33FF2463235B0022EFCD /* LogButton */ = {
			isa = PBXGroup;
			children = (
				F91D33FD246323520022EFCD /* LogDetailsView.swift */,
				F91D33CD245DED1C0022EFCD /* ButtonLog.swift */,
				F9076C93246997E200F79EC9 /* LogButtonInList.swift */,
			);
			path = LogButton;
			sourceTree = "<group>";
		};
		F91D34002463237B0022EFCD /* InstructionView */ = {
			isa = PBXGroup;
			children = (
				F91D33F72462EF800022EFCD /* Instructions.swift */,
				F94FBEFA24659788007F3B0E /* InstructionsInList.swift */,
			);
			path = InstructionView;
			sourceTree = "<group>";
		};
		F95EB1C6245DCB32003AED5A = {
			isa = PBXGroup;
			children = (
				0E9B3AF6246464850056C8EF /* Example */,
				0E08305D24643FF600E9546D /* README.md */,
				F95EB1D1245DCB33003AED5A /* CareKitUIWatchExtension */,
				F95EB1D0245DCB33003AED5A /* Products */,
			);
			sourceTree = "<group>";
		};
		F95EB1D0245DCB33003AED5A /* Products */ = {
			isa = PBXGroup;
			children = (
				F95EB1CF245DCB33003AED5A /* libCareKitUIWatchExtension.a */,
			);
			name = Products;
			sourceTree = "<group>";
		};
		F95EB1D1245DCB33003AED5A /* CareKitUIWatchExtension */ = {
			isa = PBXGroup;
			children = (
				F9076C9C2469C47900F79EC9 /* GridTask */,
				0E08305624643AA000E9546D /* CheckListTask */,
				F91D34002463237B0022EFCD /* InstructionView */,
				F91D33FF2463235B0022EFCD /* LogButton */,
				0E0830532464263000E9546D /* SimpleTask */,
				F95EB1D2245DCB33003AED5A /* CareKitUIWatchExtension.swift */,
				F91D340324640CB60022EFCD /* Style.swift */,
				0E083062246447AE00E9546D /* DailyStatus.swift */,
			);
			path = CareKitUIWatchExtension;
			sourceTree = "<group>";
		};
/* End PBXGroup section */

/* Begin PBXNativeTarget section */
		F95EB1CE245DCB33003AED5A /* CareKitUIWatchExtension */ = {
			isa = PBXNativeTarget;
			buildConfigurationList = F95EB1D6245DCB33003AED5A /* Build configuration list for PBXNativeTarget "CareKitUIWatchExtension" */;
			buildPhases = (
				F95EB1CB245DCB33003AED5A /* Sources */,
				F95EB1CC245DCB33003AED5A /* Frameworks */,
				F95EB1CD245DCB33003AED5A /* CopyFiles */,
			);
			buildRules = (
			);
			dependencies = (
			);
			name = CareKitUIWatchExtension;
			productName = CareKitUIWatchExtension;
			productReference = F95EB1CF245DCB33003AED5A /* libCareKitUIWatchExtension.a */;
			productType = "com.apple.product-type.library.static";
		};
/* End PBXNativeTarget section */

/* Begin PBXProject section */
		F95EB1C7245DCB32003AED5A /* Project object */ = {
			isa = PBXProject;
			attributes = {
				LastSwiftUpdateCheck = 1140;
				LastUpgradeCheck = 1140;
				ORGANIZATIONNAME = "Elizaveta Diuchkova";
				TargetAttributes = {
					F95EB1CE245DCB33003AED5A = {
						CreatedOnToolsVersion = 11.4.1;
					};
				};
			};
			buildConfigurationList = F95EB1CA245DCB32003AED5A /* Build configuration list for PBXProject "CareKitUIWatchExtension" */;
			compatibilityVersion = "Xcode 9.3";
			developmentRegion = en;
			hasScannedForEncodings = 0;
			knownRegions = (
				en,
				Base,
			);
			mainGroup = F95EB1C6245DCB32003AED5A;
			productRefGroup = F95EB1D0245DCB33003AED5A /* Products */;
			projectDirPath = "";
			projectReferences = (
				{
					ProductGroup = 0E9B3B30246464A90056C8EF /* Products */;
					ProjectRef = 0E9B3B2F246464A90056C8EF /* ExampleApp.xcodeproj */;
				},
			);
			projectRoot = "";
			targets = (
				F95EB1CE245DCB33003AED5A /* CareKitUIWatchExtension */,
			);
		};
/* End PBXProject section */

/* Begin PBXReferenceProxy section */
		0E9B3B36246464AA0056C8EF /* ExampleApp.app */ = {
			isa = PBXReferenceProxy;
			fileType = wrapper.application;
			path = ExampleApp.app;
			remoteRef = 0E9B3B35246464AA0056C8EF /* PBXContainerItemProxy */;
			sourceTree = BUILT_PRODUCTS_DIR;
		};
		0E9B3B38246464AA0056C8EF /* ExampleApp WatchKit App.app */ = {
			isa = PBXReferenceProxy;
			fileType = wrapper.application;
			path = "ExampleApp WatchKit App.app";
			remoteRef = 0E9B3B37246464AA0056C8EF /* PBXContainerItemProxy */;
			sourceTree = BUILT_PRODUCTS_DIR;
		};
		0E9B3B3A246464AA0056C8EF /* ExampleApp WatchKit Extension.appex */ = {
			isa = PBXReferenceProxy;
			fileType = "wrapper.app-extension";
			path = "ExampleApp WatchKit Extension.appex";
			remoteRef = 0E9B3B39246464AA0056C8EF /* PBXContainerItemProxy */;
			sourceTree = BUILT_PRODUCTS_DIR;
		};
/* End PBXReferenceProxy section */

/* Begin PBXSourcesBuildPhase section */
		F95EB1CB245DCB33003AED5A /* Sources */ = {
			isa = PBXSourcesBuildPhase;
			buildActionMask = 2147483647;
			files = (
				F9076C94246997E200F79EC9 /* LogButtonInList.swift in Sources */,
				F91D33FE246323520022EFCD /* LogDetailsView.swift in Sources */,
				F91D340424640CB60022EFCD /* Style.swift in Sources */,
				F91D33CE245DED1C0022EFCD /* ButtonLog.swift in Sources */,
				0E083063246447AE00E9546D /* DailyStatus.swift in Sources */,
				F91D33F82462EF800022EFCD /* Instructions.swift in Sources */,
				F94FBEFB24659788007F3B0E /* InstructionsInList.swift in Sources */,
				0E08305824643AB200E9546D /* CheckListTask.swift in Sources */,
				F9076C9E2469C4A800F79EC9 /* GridTaskInList.swift in Sources */,
				0E0830552464263F00E9546D /* SimpleTask.swift in Sources */,
				F9076C9B2469C47200F79EC9 /* GridTask.swift in Sources */,
				F95EB1D3245DCB33003AED5A /* CareKitUIWatchExtension.swift in Sources */,
				F94FBEF9246591B0007F3B0E /* SimpleTaskInList.swift in Sources */,
				F9076C96246997FD00F79EC9 /* ChecklistTaskInView.swift in Sources */,
			);
			runOnlyForDeploymentPostprocessing = 0;
		};
/* End PBXSourcesBuildPhase section */

/* Begin XCBuildConfiguration section */
		F95EB1D4245DCB33003AED5A /* Debug */ = {
			isa = XCBuildConfiguration;
			buildSettings = {
				ALWAYS_SEARCH_USER_PATHS = NO;
				CLANG_ANALYZER_NONNULL = YES;
				CLANG_ANALYZER_NUMBER_OBJECT_CONVERSION = YES_AGGRESSIVE;
				CLANG_CXX_LANGUAGE_STANDARD = "gnu++14";
				CLANG_CXX_LIBRARY = "libc++";
				CLANG_ENABLE_MODULES = YES;
				CLANG_ENABLE_OBJC_ARC = YES;
				CLANG_ENABLE_OBJC_WEAK = YES;
				CLANG_WARN_BLOCK_CAPTURE_AUTORELEASING = YES;
				CLANG_WARN_BOOL_CONVERSION = YES;
				CLANG_WARN_COMMA = YES;
				CLANG_WARN_CONSTANT_CONVERSION = YES;
				CLANG_WARN_DEPRECATED_OBJC_IMPLEMENTATIONS = YES;
				CLANG_WARN_DIRECT_OBJC_ISA_USAGE = YES_ERROR;
				CLANG_WARN_DOCUMENTATION_COMMENTS = YES;
				CLANG_WARN_EMPTY_BODY = YES;
				CLANG_WARN_ENUM_CONVERSION = YES;
				CLANG_WARN_INFINITE_RECURSION = YES;
				CLANG_WARN_INT_CONVERSION = YES;
				CLANG_WARN_NON_LITERAL_NULL_CONVERSION = YES;
				CLANG_WARN_OBJC_IMPLICIT_RETAIN_SELF = YES;
				CLANG_WARN_OBJC_LITERAL_CONVERSION = YES;
				CLANG_WARN_OBJC_ROOT_CLASS = YES_ERROR;
				CLANG_WARN_RANGE_LOOP_ANALYSIS = YES;
				CLANG_WARN_STRICT_PROTOTYPES = YES;
				CLANG_WARN_SUSPICIOUS_MOVE = YES;
				CLANG_WARN_UNGUARDED_AVAILABILITY = YES_AGGRESSIVE;
				CLANG_WARN_UNREACHABLE_CODE = YES;
				CLANG_WARN__DUPLICATE_METHOD_MATCH = YES;
				COPY_PHASE_STRIP = NO;
				DEBUG_INFORMATION_FORMAT = dwarf;
				ENABLE_STRICT_OBJC_MSGSEND = YES;
				ENABLE_TESTABILITY = YES;
				GCC_C_LANGUAGE_STANDARD = gnu11;
				GCC_DYNAMIC_NO_PIC = NO;
				GCC_NO_COMMON_BLOCKS = YES;
				GCC_OPTIMIZATION_LEVEL = 0;
				GCC_PREPROCESSOR_DEFINITIONS = (
					"DEBUG=1",
					"$(inherited)",
				);
				GCC_WARN_64_TO_32_BIT_CONVERSION = YES;
				GCC_WARN_ABOUT_RETURN_TYPE = YES_ERROR;
				GCC_WARN_UNDECLARED_SELECTOR = YES;
				GCC_WARN_UNINITIALIZED_AUTOS = YES_AGGRESSIVE;
				GCC_WARN_UNUSED_FUNCTION = YES;
				GCC_WARN_UNUSED_VARIABLE = YES;
				MTL_ENABLE_DEBUG_INFO = INCLUDE_SOURCE;
				MTL_FAST_MATH = YES;
				ONLY_ACTIVE_ARCH = YES;
				SDKROOT = watchos;
				SWIFT_ACTIVE_COMPILATION_CONDITIONS = DEBUG;
				SWIFT_OPTIMIZATION_LEVEL = "-Onone";
				WATCHOS_DEPLOYMENT_TARGET = 6.2;
			};
			name = Debug;
		};
		F95EB1D5245DCB33003AED5A /* Release */ = {
			isa = XCBuildConfiguration;
			buildSettings = {
				ALWAYS_SEARCH_USER_PATHS = NO;
				CLANG_ANALYZER_NONNULL = YES;
				CLANG_ANALYZER_NUMBER_OBJECT_CONVERSION = YES_AGGRESSIVE;
				CLANG_CXX_LANGUAGE_STANDARD = "gnu++14";
				CLANG_CXX_LIBRARY = "libc++";
				CLANG_ENABLE_MODULES = YES;
				CLANG_ENABLE_OBJC_ARC = YES;
				CLANG_ENABLE_OBJC_WEAK = YES;
				CLANG_WARN_BLOCK_CAPTURE_AUTORELEASING = YES;
				CLANG_WARN_BOOL_CONVERSION = YES;
				CLANG_WARN_COMMA = YES;
				CLANG_WARN_CONSTANT_CONVERSION = YES;
				CLANG_WARN_DEPRECATED_OBJC_IMPLEMENTATIONS = YES;
				CLANG_WARN_DIRECT_OBJC_ISA_USAGE = YES_ERROR;
				CLANG_WARN_DOCUMENTATION_COMMENTS = YES;
				CLANG_WARN_EMPTY_BODY = YES;
				CLANG_WARN_ENUM_CONVERSION = YES;
				CLANG_WARN_INFINITE_RECURSION = YES;
				CLANG_WARN_INT_CONVERSION = YES;
				CLANG_WARN_NON_LITERAL_NULL_CONVERSION = YES;
				CLANG_WARN_OBJC_IMPLICIT_RETAIN_SELF = YES;
				CLANG_WARN_OBJC_LITERAL_CONVERSION = YES;
				CLANG_WARN_OBJC_ROOT_CLASS = YES_ERROR;
				CLANG_WARN_RANGE_LOOP_ANALYSIS = YES;
				CLANG_WARN_STRICT_PROTOTYPES = YES;
				CLANG_WARN_SUSPICIOUS_MOVE = YES;
				CLANG_WARN_UNGUARDED_AVAILABILITY = YES_AGGRESSIVE;
				CLANG_WARN_UNREACHABLE_CODE = YES;
				CLANG_WARN__DUPLICATE_METHOD_MATCH = YES;
				COPY_PHASE_STRIP = NO;
				DEBUG_INFORMATION_FORMAT = "dwarf-with-dsym";
				ENABLE_NS_ASSERTIONS = NO;
				ENABLE_STRICT_OBJC_MSGSEND = YES;
				GCC_C_LANGUAGE_STANDARD = gnu11;
				GCC_NO_COMMON_BLOCKS = YES;
				GCC_WARN_64_TO_32_BIT_CONVERSION = YES;
				GCC_WARN_ABOUT_RETURN_TYPE = YES_ERROR;
				GCC_WARN_UNDECLARED_SELECTOR = YES;
				GCC_WARN_UNINITIALIZED_AUTOS = YES_AGGRESSIVE;
				GCC_WARN_UNUSED_FUNCTION = YES;
				GCC_WARN_UNUSED_VARIABLE = YES;
				MTL_ENABLE_DEBUG_INFO = NO;
				MTL_FAST_MATH = YES;
				SDKROOT = watchos;
				SWIFT_COMPILATION_MODE = wholemodule;
				SWIFT_OPTIMIZATION_LEVEL = "-O";
				VALIDATE_PRODUCT = YES;
				WATCHOS_DEPLOYMENT_TARGET = 6.2;
			};
			name = Release;
		};
		F95EB1D7245DCB33003AED5A /* Debug */ = {
			isa = XCBuildConfiguration;
			buildSettings = {
				CODE_SIGN_STYLE = Automatic;
				DEVELOPMENT_TEAM = J7KRBD3K9J;
				OTHER_LDFLAGS = "-ObjC";
				PRODUCT_NAME = "$(TARGET_NAME)";
				SKIP_INSTALL = YES;
				SWIFT_VERSION = 5.0;
				TARGETED_DEVICE_FAMILY = 4;
			};
			name = Debug;
		};
		F95EB1D8245DCB33003AED5A /* Release */ = {
			isa = XCBuildConfiguration;
			buildSettings = {
				CODE_SIGN_STYLE = Automatic;
				DEVELOPMENT_TEAM = J7KRBD3K9J;
				OTHER_LDFLAGS = "-ObjC";
				PRODUCT_NAME = "$(TARGET_NAME)";
				SKIP_INSTALL = YES;
				SWIFT_VERSION = 5.0;
				TARGETED_DEVICE_FAMILY = 4;
			};
			name = Release;
		};
/* End XCBuildConfiguration section */

/* Begin XCConfigurationList section */
		F95EB1CA245DCB32003AED5A /* Build configuration list for PBXProject "CareKitUIWatchExtension" */ = {
			isa = XCConfigurationList;
			buildConfigurations = (
				F95EB1D4245DCB33003AED5A /* Debug */,
				F95EB1D5245DCB33003AED5A /* Release */,
			);
			defaultConfigurationIsVisible = 0;
			defaultConfigurationName = Release;
		};
		F95EB1D6245DCB33003AED5A /* Build configuration list for PBXNativeTarget "CareKitUIWatchExtension" */ = {
			isa = XCConfigurationList;
			buildConfigurations = (
				F95EB1D7245DCB33003AED5A /* Debug */,
				F95EB1D8245DCB33003AED5A /* Release */,
			);
			defaultConfigurationIsVisible = 0;
			defaultConfigurationName = Release;
		};
/* End XCConfigurationList section */
	};
	rootObject = F95EB1C7245DCB32003AED5A /* Project object */;
}
